
Microsoft Visual Studio Solution File, Format Version 12.00
# Visual Studio Version 17
VisualStudioVersion = 17.0.31903.59
MinimumVisualStudioVersion = 10.0.40219.1
Project("{FAE04EC0-301F-11D3-BF4B-00C04F79EFBC}") = "Joren", "Joren\Joren.csproj", "{671FEF5F-009C-4DFE-A6C4-012BA4EE98D1}"
EndProject
Global
	GlobalSection(SolutionConfigurationPlatforms) = preSolution
		Debug|Any CPU = Debug|Any CPU
		Release|Any CPU = Release|Any CPU
	EndGlobalSection
	GlobalSection(SolutionProperties) = preSolution
		HideSolutionNode = FALSE
	EndGlobalSection
	GlobalSection(ProjectConfigurationPlatforms) = postSolution
		{671FEF5F-009C-4DFE-A6C4-012BA4EE98D1}.Debug|Any CPU.ActiveCfg = Debug|Any CPU
		{671FEF5F-009C-4DFE-A6C4-012BA4EE98D1}.Debug|Any CPU.Build.0 = Debug|Any CPU
		{671FEF5F-009C-4DFE-A6C4-012BA4EE98D1}.Release|Any CPU.ActiveCfg = Release|Any CPU
		{671FEF5F-009C-4DFE-A6C4-012BA4EE98D1}.Release|Any CPU.Build.0 = Release|Any CPU
	EndGlobalSection
EndGlobal
